
Microsoft Visual Studio Solution File, Format Version 12.00
# Visual Studio Version 17
VisualStudioVersion = 17.0.31903.59
MinimumVisualStudioVersion = 10.0.40219.1
Project("{FAE04EC0-301F-11D3-BF4B-00C04F79EFBC}") = "Domain", "Domain\Domain.csproj", "{469CAA9E-229D-4C13-8910-1334DE22F6BC}"
EndProject
Project("{FAE04EC0-301F-11D3-BF4B-00C04F79EFBC}") = "Infastructure", "Infastructure\Infastructure.csproj", "{E47AA827-6C3D-4BB3-B517-AAF7B72142CE}"
EndProject
Project("{FAE04EC0-301F-11D3-BF4B-00C04F79EFBC}") = "WebApi", "WebApi\WebApi.csproj", "{D2D898D0-8855-45E3-8B79-2F8358AA6A68}"
EndProject
Global
	GlobalSection(SolutionConfigurationPlatforms) = preSolution
		Debug|Any CPU = Debug|Any CPU
		Release|Any CPU = Release|Any CPU
	EndGlobalSection
	GlobalSection(SolutionProperties) = preSolution
		HideSolutionNode = FALSE
	EndGlobalSection
	GlobalSection(ProjectConfigurationPlatforms) = postSolution
		{469CAA9E-229D-4C13-8910-1334DE22F6BC}.Debug|Any CPU.ActiveCfg = Debug|Any CPU
		{469CAA9E-229D-4C13-8910-1334DE22F6BC}.Debug|Any CPU.Build.0 = Debug|Any CPU
		{469CAA9E-229D-4C13-8910-1334DE22F6BC}.Release|Any CPU.ActiveCfg = Release|Any CPU
		{469CAA9E-229D-4C13-8910-1334DE22F6BC}.Release|Any CPU.Build.0 = Release|Any CPU
		{E47AA827-6C3D-4BB3-B517-AAF7B72142CE}.Debug|Any CPU.ActiveCfg = Debug|Any CPU
		{E47AA827-6C3D-4BB3-B517-AAF7B72142CE}.Debug|Any CPU.Build.0 = Debug|Any CPU
		{E47AA827-6C3D-4BB3-B517-AAF7B72142CE}.Release|Any CPU.ActiveCfg = Release|Any CPU
		{E47AA827-6C3D-4BB3-B517-AAF7B72142CE}.Release|Any CPU.Build.0 = Release|Any CPU
		{D2D898D0-8855-45E3-8B79-2F8358AA6A68}.Debug|Any CPU.ActiveCfg = Debug|Any CPU
		{D2D898D0-8855-45E3-8B79-2F8358AA6A68}.Debug|Any CPU.Build.0 = Debug|Any CPU
		{D2D898D0-8855-45E3-8B79-2F8358AA6A68}.Release|Any CPU.ActiveCfg = Release|Any CPU
		{D2D898D0-8855-45E3-8B79-2F8358AA6A68}.Release|Any CPU.Build.0 = Release|Any CPU
	EndGlobalSection
EndGlobal
